
Microsoft Visual Studio Solution File, Format Version 12.00
# Visual Studio Version 17
VisualStudioVersion = 17.10.34928.147
MinimumVisualStudioVersion = 10.0.40219.1
Project("{FAE04EC0-301F-11D3-BF4B-00C04F79EFBC}") = "UpdateBuddy", "UpdateBuddy.csproj", "{5F87EE7C-95CE-4AA1-B1E4-DD414F0545D5}"
EndProject
Global
	GlobalSection(SolutionConfigurationPlatforms) = preSolution
		Debug|Any CPU = Debug|Any CPU
		Release|Any CPU = Release|Any CPU
	EndGlobalSection
	GlobalSection(ProjectConfigurationPlatforms) = postSolution
		{5F87EE7C-95CE-4AA1-B1E4-DD414F0545D5}.Debug|Any CPU.ActiveCfg = Debug|Any CPU
		{5F87EE7C-95CE-4AA1-B1E4-DD414F0545D5}.Debug|Any CPU.Build.0 = Debug|Any CPU
		{5F87EE7C-95CE-4AA1-B1E4-DD414F0545D5}.Release|Any CPU.ActiveCfg = Release|Any CPU
		{5F87EE7C-95CE-4AA1-B1E4-DD414F0545D5}.Release|Any CPU.Build.0 = Release|Any CPU
	EndGlobalSection
	GlobalSection(SolutionProperties) = preSolution
		HideSolutionNode = FALSE
	EndGlobalSection
	GlobalSection(ExtensibilityGlobals) = postSolution
		SolutionGuid = {2871AD14-83D7-4B8E-9B0E-4706A94445A9}
	EndGlobalSection
EndGlobal
